
Microsoft Visual Studio Solution File, Format Version 12.00
# Visual Studio Version 17
VisualStudioVersion = 17.7.34221.43
MinimumVisualStudioVersion = 10.0.40219.1
Project("{FAE04EC0-301F-11D3-BF4B-00C04F79EFBC}") = "Api1App", "Api1App\Api1App.csproj", "{BC89E577-8848-4999-AC67-F6C83F821431}"
EndProject
Global
	GlobalSection(SolutionConfigurationPlatforms) = preSolution
		Debug|Any CPU = Debug|Any CPU
		Release|Any CPU = Release|Any CPU
	EndGlobalSection
	GlobalSection(ProjectConfigurationPlatforms) = postSolution
		{BC89E577-8848-4999-AC67-F6C83F821431}.Debug|Any CPU.ActiveCfg = Debug|Any CPU
		{BC89E577-8848-4999-AC67-F6C83F821431}.Debug|Any CPU.Build.0 = Debug|Any CPU
		{BC89E577-8848-4999-AC67-F6C83F821431}.Release|Any CPU.ActiveCfg = Release|Any CPU
		{BC89E577-8848-4999-AC67-F6C83F821431}.Release|Any CPU.Build.0 = Release|Any CPU
	EndGlobalSection
	GlobalSection(SolutionProperties) = preSolution
		HideSolutionNode = FALSE
	EndGlobalSection
	GlobalSection(ExtensibilityGlobals) = postSolution
		SolutionGuid = {301FBA04-C085-4190-B957-C1E9B34E5CDF}
	EndGlobalSection
EndGlobal
